
Microsoft Visual Studio Solution File, Format Version 12.00
# Visual Studio 2013
VisualStudioVersion = 12.0.21005.1
MinimumVisualStudioVersion = 10.0.40219.1
Project("{2150E333-8FDC-42A3-9474-1A3956D46DE8}") = "DAL", "DAL", "{529AD7A0-7C76-424E-921D-132E7ACEF6A3}"
EndProject
Project("{2150E333-8FDC-42A3-9474-1A3956D46DE8}") = "Business", "Business", "{1AE85DBE-801F-4194-999F-436014B3AA8B}"
EndProject
Project("{FAE04EC0-301F-11D3-BF4B-00C04F79EFBC}") = "Temp", "Temp\Temp.csproj", "{21AC1FF5-1D7A-49FC-B681-334AEB17A7DF}"
EndProject
Project("{FAE04EC0-301F-11D3-BF4B-00C04F79EFBC}") = "EnterpriseApp.Repository", "EnterpriseApp.Repository\EnterpriseApp.Repository.csproj", "{CD4F18D0-A413-4F87-899D-01F4BCC89682}"
EndProject
Project("{FAE04EC0-301F-11D3-BF4B-00C04F79EFBC}") = "EnterpriseApp.Domain", "EnterpriseApp.Domain\EnterpriseApp.Domain.csproj", "{830953E8-E8AA-4FC2-B61C-C09E7B374128}"
EndProject
Project("{FAE04EC0-301F-11D3-BF4B-00C04F79EFBC}") = "EnterpriseApp.Data", "EnterpriseApp.Data\EnterpriseApp.Data.csproj", "{55530F5B-ED90-49DF-9FEB-36B4E03620F3}"
EndProject
Global
	GlobalSection(SolutionConfigurationPlatforms) = preSolution
		Debug|Any CPU = Debug|Any CPU
		Release|Any CPU = Release|Any CPU
	EndGlobalSection
	GlobalSection(ProjectConfigurationPlatforms) = postSolution
		{21AC1FF5-1D7A-49FC-B681-334AEB17A7DF}.Debug|Any CPU.ActiveCfg = Debug|Any CPU
		{21AC1FF5-1D7A-49FC-B681-334AEB17A7DF}.Debug|Any CPU.Build.0 = Debug|Any CPU
		{21AC1FF5-1D7A-49FC-B681-334AEB17A7DF}.Release|Any CPU.ActiveCfg = Release|Any CPU
		{21AC1FF5-1D7A-49FC-B681-334AEB17A7DF}.Release|Any CPU.Build.0 = Release|Any CPU
		{CD4F18D0-A413-4F87-899D-01F4BCC89682}.Debug|Any CPU.ActiveCfg = Debug|Any CPU
		{CD4F18D0-A413-4F87-899D-01F4BCC89682}.Debug|Any CPU.Build.0 = Debug|Any CPU
		{CD4F18D0-A413-4F87-899D-01F4BCC89682}.Release|Any CPU.ActiveCfg = Release|Any CPU
		{CD4F18D0-A413-4F87-899D-01F4BCC89682}.Release|Any CPU.Build.0 = Release|Any CPU
		{830953E8-E8AA-4FC2-B61C-C09E7B374128}.Debug|Any CPU.ActiveCfg = Debug|Any CPU
		{830953E8-E8AA-4FC2-B61C-C09E7B374128}.Debug|Any CPU.Build.0 = Debug|Any CPU
		{830953E8-E8AA-4FC2-B61C-C09E7B374128}.Release|Any CPU.ActiveCfg = Release|Any CPU
		{830953E8-E8AA-4FC2-B61C-C09E7B374128}.Release|Any CPU.Build.0 = Release|Any CPU
		{55530F5B-ED90-49DF-9FEB-36B4E03620F3}.Debug|Any CPU.ActiveCfg = Debug|Any CPU
		{55530F5B-ED90-49DF-9FEB-36B4E03620F3}.Debug|Any CPU.Build.0 = Debug|Any CPU
		{55530F5B-ED90-49DF-9FEB-36B4E03620F3}.Release|Any CPU.ActiveCfg = Release|Any CPU
		{55530F5B-ED90-49DF-9FEB-36B4E03620F3}.Release|Any CPU.Build.0 = Release|Any CPU
	EndGlobalSection
	GlobalSection(SolutionProperties) = preSolution
		HideSolutionNode = FALSE
	EndGlobalSection
	GlobalSection(NestedProjects) = preSolution
		{55530F5B-ED90-49DF-9FEB-36B4E03620F3} = {529AD7A0-7C76-424E-921D-132E7ACEF6A3}
		{830953E8-E8AA-4FC2-B61C-C09E7B374128} = {1AE85DBE-801F-4194-999F-436014B3AA8B}
	EndGlobalSection
EndGlobal
