
Microsoft Visual Studio Solution File, Format Version 12.00
# Visual Studio 14
VisualStudioVersion = 14.0.24720.0
MinimumVisualStudioVersion = 10.0.40219.1
Project("{FAE04EC0-301F-11D3-BF4B-00C04F79EFBC}") = "CSharpConcepts", "CSharpConcepts\CSharpConcepts.csproj", "{6F39ED3B-1CCC-4EB5-8296-1E8E1B583CD8}"
EndProject
Project("{FAE04EC0-301F-11D3-BF4B-00C04F79EFBC}") = "Concepts.LoggingLayer", "Concepts.LoggingLayer\Concepts.LoggingLayer.csproj", "{4F5BA154-CFCB-45AD-8980-7FDCE5A01F86}"
EndProject
Project("{2150E333-8FDC-42A3-9474-1A3956D46DE8}") = "Libraries", "Libraries", "{3A44E326-3281-4587-BEC0-9DD0BBFC5E8C}"
	ProjectSection(SolutionItems) = preProject
		Libraries\log4net.dll = Libraries\log4net.dll
	EndProjectSection
EndProject
Project("{FAE04EC0-301F-11D3-BF4B-00C04F79EFBC}") = "Concepts.Logging.Log4Net", "Concepts.Logging.Log4Net\Concepts.Logging.Log4Net.csproj", "{C22F563B-46FC-467C-BACA-B2B2D1DADBB4}"
EndProject
Project("{FAE04EC0-301F-11D3-BF4B-00C04F79EFBC}") = "Concepts.Logging", "Concepts.Logging\Concepts.Logging.csproj", "{26323F32-0241-4C09-A903-C1E31CE2A27D}"
EndProject
Project("{FAE04EC0-301F-11D3-BF4B-00C04F79EFBC}") = "SampleAssembly1", "SampleAssembly1\SampleAssembly1.csproj", "{E02151E3-CF70-4EFA-8020-5F635716285F}"
EndProject
Project("{FAE04EC0-301F-11D3-BF4B-00C04F79EFBC}") = "SampleAssembly2", "SampleAssembly2\SampleAssembly2.csproj", "{B9984064-DD92-4724-BAF1-896742848BC2}"
EndProject
Project("{2150E333-8FDC-42A3-9474-1A3956D46DE8}") = "Logging", "Logging", "{8954F2A7-40D9-4536-97E2-064E96D1DA7A}"
EndProject
Project("{2150E333-8FDC-42A3-9474-1A3956D46DE8}") = "SampleProjects", "SampleProjects", "{12238646-89D3-478E-9ABB-E0668BF065D5}"
EndProject
Global
	GlobalSection(SolutionConfigurationPlatforms) = preSolution
		Debug|Any CPU = Debug|Any CPU
		Release|Any CPU = Release|Any CPU
	EndGlobalSection
	GlobalSection(ProjectConfigurationPlatforms) = postSolution
		{6F39ED3B-1CCC-4EB5-8296-1E8E1B583CD8}.Debug|Any CPU.ActiveCfg = Debug|Any CPU
		{6F39ED3B-1CCC-4EB5-8296-1E8E1B583CD8}.Debug|Any CPU.Build.0 = Debug|Any CPU
		{6F39ED3B-1CCC-4EB5-8296-1E8E1B583CD8}.Release|Any CPU.ActiveCfg = Release|Any CPU
		{6F39ED3B-1CCC-4EB5-8296-1E8E1B583CD8}.Release|Any CPU.Build.0 = Release|Any CPU
		{4F5BA154-CFCB-45AD-8980-7FDCE5A01F86}.Debug|Any CPU.ActiveCfg = Debug|Any CPU
		{4F5BA154-CFCB-45AD-8980-7FDCE5A01F86}.Debug|Any CPU.Build.0 = Debug|Any CPU
		{4F5BA154-CFCB-45AD-8980-7FDCE5A01F86}.Release|Any CPU.ActiveCfg = Release|Any CPU
		{4F5BA154-CFCB-45AD-8980-7FDCE5A01F86}.Release|Any CPU.Build.0 = Release|Any CPU
		{C22F563B-46FC-467C-BACA-B2B2D1DADBB4}.Debug|Any CPU.ActiveCfg = Debug|Any CPU
		{C22F563B-46FC-467C-BACA-B2B2D1DADBB4}.Debug|Any CPU.Build.0 = Debug|Any CPU
		{C22F563B-46FC-467C-BACA-B2B2D1DADBB4}.Release|Any CPU.ActiveCfg = Release|Any CPU
		{C22F563B-46FC-467C-BACA-B2B2D1DADBB4}.Release|Any CPU.Build.0 = Release|Any CPU
		{26323F32-0241-4C09-A903-C1E31CE2A27D}.Debug|Any CPU.ActiveCfg = Debug|Any CPU
		{26323F32-0241-4C09-A903-C1E31CE2A27D}.Debug|Any CPU.Build.0 = Debug|Any CPU
		{26323F32-0241-4C09-A903-C1E31CE2A27D}.Release|Any CPU.ActiveCfg = Release|Any CPU
		{26323F32-0241-4C09-A903-C1E31CE2A27D}.Release|Any CPU.Build.0 = Release|Any CPU
		{E02151E3-CF70-4EFA-8020-5F635716285F}.Debug|Any CPU.ActiveCfg = Debug|Any CPU
		{E02151E3-CF70-4EFA-8020-5F635716285F}.Debug|Any CPU.Build.0 = Debug|Any CPU
		{E02151E3-CF70-4EFA-8020-5F635716285F}.Release|Any CPU.ActiveCfg = Release|Any CPU
		{E02151E3-CF70-4EFA-8020-5F635716285F}.Release|Any CPU.Build.0 = Release|Any CPU
		{B9984064-DD92-4724-BAF1-896742848BC2}.Debug|Any CPU.ActiveCfg = Debug|Any CPU
		{B9984064-DD92-4724-BAF1-896742848BC2}.Debug|Any CPU.Build.0 = Debug|Any CPU
		{B9984064-DD92-4724-BAF1-896742848BC2}.Release|Any CPU.ActiveCfg = Release|Any CPU
		{B9984064-DD92-4724-BAF1-896742848BC2}.Release|Any CPU.Build.0 = Release|Any CPU
	EndGlobalSection
	GlobalSection(SolutionProperties) = preSolution
		HideSolutionNode = FALSE
	EndGlobalSection
	GlobalSection(NestedProjects) = preSolution
		{4F5BA154-CFCB-45AD-8980-7FDCE5A01F86} = {8954F2A7-40D9-4536-97E2-064E96D1DA7A}
		{C22F563B-46FC-467C-BACA-B2B2D1DADBB4} = {8954F2A7-40D9-4536-97E2-064E96D1DA7A}
		{26323F32-0241-4C09-A903-C1E31CE2A27D} = {8954F2A7-40D9-4536-97E2-064E96D1DA7A}
		{E02151E3-CF70-4EFA-8020-5F635716285F} = {12238646-89D3-478E-9ABB-E0668BF065D5}
		{B9984064-DD92-4724-BAF1-896742848BC2} = {12238646-89D3-478E-9ABB-E0668BF065D5}
	EndGlobalSection
EndGlobal
