
Microsoft Visual Studio Solution File, Format Version 12.00
# Visual Studio 14
VisualStudioVersion = 14.0.25420.1
MinimumVisualStudioVersion = 10.0.40219.1
Project("{FAE04EC0-301F-11D3-BF4B-00C04F79EFBC}") = "RomanNumbersConversion", "RomanNumbersConversion\RomanNumbersConversion.csproj", "{0DC17413-ABC9-4FB5-8E01-9730EF972E05}"
EndProject
Project("{FAE04EC0-301F-11D3-BF4B-00C04F79EFBC}") = "RomanNumbersConversionTest", "RomanNumbersConversionTest\RomanNumbersConversionTest.csproj", "{E6358979-58E2-4253-8E91-BE2AF637DA45}"
EndProject
Project("{FAE04EC0-301F-11D3-BF4B-00C04F79EFBC}") = "MarsRoverExample", "MarsRoverExample\MarsRoverExample.csproj", "{37B80471-B4FE-4559-9866-F5A6CEFAEB4C}"
EndProject
Project("{FAE04EC0-301F-11D3-BF4B-00C04F79EFBC}") = "MarsRoverExample.Tests", "MarsRoverExample.Tests\MarsRoverExample.Tests.csproj", "{A9638B53-4677-4F20-A40C-E49D4763F14E}"
EndProject
Project("{FAE04EC0-301F-11D3-BF4B-00C04F79EFBC}") = "MerchantGuide.Execution", "MerchantGuide.Execution\MerchantGuide.Execution.csproj", "{CFC70713-2698-4879-B2C6-99D082FBE67C}"
EndProject
Global
	GlobalSection(SolutionConfigurationPlatforms) = preSolution
		Debug|Any CPU = Debug|Any CPU
		Release|Any CPU = Release|Any CPU
	EndGlobalSection
	GlobalSection(ProjectConfigurationPlatforms) = postSolution
		{0DC17413-ABC9-4FB5-8E01-9730EF972E05}.Debug|Any CPU.ActiveCfg = Debug|Any CPU
		{0DC17413-ABC9-4FB5-8E01-9730EF972E05}.Debug|Any CPU.Build.0 = Debug|Any CPU
		{0DC17413-ABC9-4FB5-8E01-9730EF972E05}.Release|Any CPU.ActiveCfg = Release|Any CPU
		{0DC17413-ABC9-4FB5-8E01-9730EF972E05}.Release|Any CPU.Build.0 = Release|Any CPU
		{E6358979-58E2-4253-8E91-BE2AF637DA45}.Debug|Any CPU.ActiveCfg = Debug|Any CPU
		{E6358979-58E2-4253-8E91-BE2AF637DA45}.Debug|Any CPU.Build.0 = Debug|Any CPU
		{E6358979-58E2-4253-8E91-BE2AF637DA45}.Release|Any CPU.ActiveCfg = Release|Any CPU
		{E6358979-58E2-4253-8E91-BE2AF637DA45}.Release|Any CPU.Build.0 = Release|Any CPU
		{37B80471-B4FE-4559-9866-F5A6CEFAEB4C}.Debug|Any CPU.ActiveCfg = Debug|Any CPU
		{37B80471-B4FE-4559-9866-F5A6CEFAEB4C}.Debug|Any CPU.Build.0 = Debug|Any CPU
		{37B80471-B4FE-4559-9866-F5A6CEFAEB4C}.Release|Any CPU.ActiveCfg = Release|Any CPU
		{37B80471-B4FE-4559-9866-F5A6CEFAEB4C}.Release|Any CPU.Build.0 = Release|Any CPU
		{A9638B53-4677-4F20-A40C-E49D4763F14E}.Debug|Any CPU.ActiveCfg = Debug|Any CPU
		{A9638B53-4677-4F20-A40C-E49D4763F14E}.Debug|Any CPU.Build.0 = Debug|Any CPU
		{A9638B53-4677-4F20-A40C-E49D4763F14E}.Release|Any CPU.ActiveCfg = Release|Any CPU
		{A9638B53-4677-4F20-A40C-E49D4763F14E}.Release|Any CPU.Build.0 = Release|Any CPU
		{CFC70713-2698-4879-B2C6-99D082FBE67C}.Debug|Any CPU.ActiveCfg = Debug|Any CPU
		{CFC70713-2698-4879-B2C6-99D082FBE67C}.Debug|Any CPU.Build.0 = Debug|Any CPU
		{CFC70713-2698-4879-B2C6-99D082FBE67C}.Release|Any CPU.ActiveCfg = Release|Any CPU
		{CFC70713-2698-4879-B2C6-99D082FBE67C}.Release|Any CPU.Build.0 = Release|Any CPU
	EndGlobalSection
	GlobalSection(SolutionProperties) = preSolution
		HideSolutionNode = FALSE
	EndGlobalSection
EndGlobal
